
Microsoft Visual Studio Solution File, Format Version 12.00
# Visual Studio Version 17
VisualStudioVersion = 17.5.33530.505
MinimumVisualStudioVersion = 10.0.40219.1
Project("{8BC9CEB8-8B4A-11D0-8D11-00A0C91BC942}") = "SDL Pong", "SDL Pong\SDL Pong.vcxproj", "{4E9C703B-E569-470A-855F-A2C3C5638C36}"
EndProject
Global
	GlobalSection(SolutionConfigurationPlatforms) = preSolution
		Debug|x64 = Debug|x64
		Debug|x86 = Debug|x86
		Release|x64 = Release|x64
		Release|x86 = Release|x86
	EndGlobalSection
	GlobalSection(ProjectConfigurationPlatforms) = postSolution
		{4E9C703B-E569-470A-855F-A2C3C5638C36}.Debug|x64.ActiveCfg = Debug|x64
		{4E9C703B-E569-470A-855F-A2C3C5638C36}.Debug|x64.Build.0 = Debug|x64
		{4E9C703B-E569-470A-855F-A2C3C5638C36}.Debug|x86.ActiveCfg = Debug|Win32
		{4E9C703B-E569-470A-855F-A2C3C5638C36}.Debug|x86.Build.0 = Debug|Win32
		{4E9C703B-E569-470A-855F-A2C3C5638C36}.Release|x64.ActiveCfg = Release|x64
		{4E9C703B-E569-470A-855F-A2C3C5638C36}.Release|x64.Build.0 = Release|x64
		{4E9C703B-E569-470A-855F-A2C3C5638C36}.Release|x86.ActiveCfg = Release|Win32
		{4E9C703B-E569-470A-855F-A2C3C5638C36}.Release|x86.Build.0 = Release|Win32
	EndGlobalSection
	GlobalSection(SolutionProperties) = preSolution
		HideSolutionNode = FALSE
	EndGlobalSection
	GlobalSection(ExtensibilityGlobals) = postSolution
		SolutionGuid = {5B51A98D-64CE-4FE6-B479-131507DB9F88}
	EndGlobalSection
EndGlobal
